{
  "nodes": {
    "evergarden": {
      "inputs": {
        "nixpkgs": "nixpkgs"
      },
      "locked": {
        "lastModified": 1789236781,
        "narHash": "sha256-pRyXTLmOo8O47KYvzESvv9d2AxNSgbu3AUR0TKe9ig8=",
        "rev": "96e93086db475eed54d9211874e0b19a592d8d45",
        "type": "tarball",
        "url": "https://codeberg.org/api/v1/repos/evergarden/nix/archive/96e93086db475eed54d9211874e0b19a592d8d45.tar.gz"
      },
      "original": {
        "type": "tarball",
        "url": "https://codeberg.org/evergarden/nix/archive/main.tar.gz"
      }
    },
    "flake-compat": {
      "flake": false,
      "locked": {
        "lastModified": 1767039857,
        "narHash": "sha256-vNpUSpF5Nuw8xvDLj2KCwwksIbjua2LZCqhV1LNRDns=",
        "owner": "edolstra",
        "repo": "flake-compat",
        "rev": "5edf11c44bc78a0d334f6334cdaf7d60d732daab",
        "type": "github"
      },
      "original": {
        "owner": "edolstra",
        "repo": "flake-compat",
        "type": "github"
      }
    },
    "home-manager": {
      "inputs": {
        "nixpkgs": [
          "nixpkgs"
        ]
      },
      "locked": {
        "lastModified": 1791569574,
        "narHash": "sha256-5sViLmjhTCtBTvhjSXXvd5LDrAFMydFFKZQisjE8Vds=",
        "owner": "nix-community",
        "repo": "home-manager",
        "rev": "6b88c12cc6d234de4888f5d21076fb11199d0844",
        "type": "github"
      },
      "original": {
        "owner": "nix-community",
        "ref": "master",
        "repo": "home-manager",
        "type": "github"
      }
    },
    "nixos-wsl": {
      "inputs": {
        "flake-compat": "flake-compat",
        "nixpkgs": [
          "nixpkgs"
        ]
      },
      "locked": {
        "lastModified": 1789164534,
        "narHash": "sha256-DoYGPM6QpnYBLWj9gGw6ZwAzIX+HrAVov1BoT+8Jixo=",
        "owner": "nix-community",
        "repo": "NixOS-WSL",
        "rev": "72c92b11bb8289e6651c7fef29cc0a885fd6a255",
        "type": "github"
      },
      "original": {
        "owner": "nix-community",
        "ref": "main",
        "repo": "NixOS-WSL",
        "type": "github"
      }
    },
    "nixpkgs": {
      "locked": {
        "lastModified": 1772674223,
        "narHash": "sha256-/suKbHSaSmuC9UY7G0VRQ3aO+QKqxAQPQ19wG7QNkF8=",
        "owner": "nixos",
        "repo": "nixpkgs",
        "rev": "66d9241e3dc2296726dc522e62dbfe89c7b449f3",
        "type": "github"
      },
      "original": {
        "owner": "nixos",
        "ref": "nixpkgs-unstable",
        "repo": "nixpkgs",
        "type": "github"
      }
    },
    "nixpkgs_2": {
      "locked": {
        "lastModified": 1791456040,
        "narHash": "sha256-H83yz/do+hjOO0uujHyH8RgtIQP2v7Mw+cLwcZK/xKc=",
        "owner": "NixOS",
        "repo": "nixpkgs",
        "rev": "e7439b6b14ad3cc35d05608ebca9bce01a25f5f8",
        "type": "github"
      },
      "original": {
        "owner": "NixOS",
        "ref": "nixos-unstable",
        "repo": "nixpkgs",
        "type": "github"
      }
    },
    "nixpkgs_3": {
      "locked": {
        "lastModified": 1741037377,
        "narHash": "sha256-SvtvVKHaUX4Owb+PasySwZsoc5VUeTf1px34BByiOxw=",
        "owner": "nixos",
        "repo": "nixpkgs",
        "rev": "02032da4af073d0f6110540c8677f16d4be0117f",
        "type": "github"
      },
      "original": {
        "owner": "nixos",
        "ref": "nixpkgs-unstable",
        "repo": "nixpkgs",
        "type": "github"
      }
    },
    "prism94": {
      "locked": {
        "lastModified": 1750127977,
        "narHash": "sha256-zD1OwL7YRiurl1NW16Ke88S7JStBfawbiY/DVpS28P4=",
        "owner": "NixOS",
        "repo": "nixpkgs",
        "rev": "28ace32529a63842e4f8103e4f9b24960cf6c23a",
        "type": "github"
      },
      "original": {
        "owner": "NixOS",
        "repo": "nixpkgs",
        "rev": "28ace32529a63842e4f8103e4f9b24960cf6c23a",
        "type": "github"
      }
    },
    "root": {
      "inputs": {
        "evergarden": "evergarden",
        "home-manager": "home-manager",
        "nixos-wsl": "nixos-wsl",
        "nixpkgs": "nixpkgs_2",
        "prism94": "prism94",
        "wallpapers": "wallpapers"
      }
    },
    "wallpapers": {
      "inputs": {
        "nixpkgs": [
          "nixpkgs"
        ],
        "whiskers": "whiskers"
      },
      "locked": {
        "lastModified": 1749284350,
        "narHash": "sha256-Zdpof9aJv54X7lwa/lO1xUESnnfggV+BgEcPgtIE/D4=",
        "owner": "everviolet",
        "repo": "wallpapers",
        "rev": "8a518dde12e5e91cf0670ea2b129e357f5e5a251",
        "type": "github"
      },
      "original": {
        "owner": "everviolet",
        "repo": "wallpapers",
        "type": "github"
      }
    },
    "whiskers": {
      "inputs": {
        "nixpkgs": "nixpkgs_3"
      },
      "locked": {
        "lastModified": 1748987544,
        "narHash": "sha256-ONkJqZrCe7UX/uz1TRb9934Y02N06rVBW2M+PElUHP0=",
        "owner": "everviolet",
        "repo": "whiskers",
        "rev": "a0b7df42a32936a037a19cfa0d5589a6d4b2aa3b",
        "type": "github"
      },
      "original": {
        "owner": "everviolet",
        "repo": "whiskers",
        "type": "github"
      }
    }
  },
  "root": "root",
  "version": 7
}
